
Microsoft Visual Studio Solution File, Format Version 12.00
# Visual Studio Version 17
VisualStudioVersion = 17.1.32414.318
MinimumVisualStudioVersion = 10.0.40219.1
Project("{FAE04EC0-301F-11D3-BF4B-00C04F79EFBC}") = "Lab07", "Lab07\Lab07.csproj", "{0ED8F830-B15C-4C2C-B2B1-37EB63297EB8}"
EndProject
Global
	GlobalSection(SolutionConfigurationPlatforms) = preSolution
		Debug|Any CPU = Debug|Any CPU
		Release|Any CPU = Release|Any CPU
	EndGlobalSection
	GlobalSection(ProjectConfigurationPlatforms) = postSolution
		{0ED8F830-B15C-4C2C-B2B1-37EB63297EB8}.Debug|Any CPU.ActiveCfg = Debug|Any CPU
		{0ED8F830-B15C-4C2C-B2B1-37EB63297EB8}.Debug|Any CPU.Build.0 = Debug|Any CPU
		{0ED8F830-B15C-4C2C-B2B1-37EB63297EB8}.Release|Any CPU.ActiveCfg = Release|Any CPU
		{0ED8F830-B15C-4C2C-B2B1-37EB63297EB8}.Release|Any CPU.Build.0 = Release|Any CPU
	EndGlobalSection
	GlobalSection(SolutionProperties) = preSolution
		HideSolutionNode = FALSE
	EndGlobalSection
	GlobalSection(ExtensibilityGlobals) = postSolution
		SolutionGuid = {3B2F5201-F74F-4E22-85DD-2E8D4AD6695B}
	EndGlobalSection
EndGlobal
